
Microsoft Visual Studio Solution File, Format Version 12.00
# Visual Studio Version 17
VisualStudioVersion = 17.3.32929.385
MinimumVisualStudioVersion = 10.0.40219.1
Project("{FAE04EC0-301F-11D3-BF4B-00C04F79EFBC}") = "Praktsana1", "Praktsana1\Praktsana1.csproj", "{A8FA416D-A2E8-4BA8-AEDB-7B2E95508B64}"
EndProject
Global
	GlobalSection(SolutionConfigurationPlatforms) = preSolution
		Debug|Any CPU = Debug|Any CPU
		Release|Any CPU = Release|Any CPU
	EndGlobalSection
	GlobalSection(ProjectConfigurationPlatforms) = postSolution
		{A8FA416D-A2E8-4BA8-AEDB-7B2E95508B64}.Debug|Any CPU.ActiveCfg = Debug|Any CPU
		{A8FA416D-A2E8-4BA8-AEDB-7B2E95508B64}.Debug|Any CPU.Build.0 = Debug|Any CPU
		{A8FA416D-A2E8-4BA8-AEDB-7B2E95508B64}.Release|Any CPU.ActiveCfg = Release|Any CPU
		{A8FA416D-A2E8-4BA8-AEDB-7B2E95508B64}.Release|Any CPU.Build.0 = Release|Any CPU
	EndGlobalSection
	GlobalSection(SolutionProperties) = preSolution
		HideSolutionNode = FALSE
	EndGlobalSection
	GlobalSection(ExtensibilityGlobals) = postSolution
		SolutionGuid = {19184183-2315-44AE-9B3B-F580112FDFB8}
	EndGlobalSection
EndGlobal
